
Microsoft Visual Studio Solution File, Format Version 12.00
# Visual Studio Version 17
VisualStudioVersion = 17.13.35919.96 d17.13
MinimumVisualStudioVersion = 10.0.40219.1
Project("{FAE04EC0-301F-11D3-BF4B-00C04F79EFBC}") = "RazorPagesMovie", "RazorPagesMovie.csproj", "{A3FBCE6A-58C2-4AD1-A94A-8C5F3A0DC348}"
EndProject
Global
	GlobalSection(SolutionConfigurationPlatforms) = preSolution
		Debug|Any CPU = Debug|Any CPU
		Release|Any CPU = Release|Any CPU
	EndGlobalSection
	GlobalSection(ProjectConfigurationPlatforms) = postSolution
		{A3FBCE6A-58C2-4AD1-A94A-8C5F3A0DC348}.Debug|Any CPU.ActiveCfg = Debug|Any CPU
		{A3FBCE6A-58C2-4AD1-A94A-8C5F3A0DC348}.Debug|Any CPU.Build.0 = Debug|Any CPU
		{A3FBCE6A-58C2-4AD1-A94A-8C5F3A0DC348}.Release|Any CPU.ActiveCfg = Release|Any CPU
		{A3FBCE6A-58C2-4AD1-A94A-8C5F3A0DC348}.Release|Any CPU.Build.0 = Release|Any CPU
	EndGlobalSection
	GlobalSection(SolutionProperties) = preSolution
		HideSolutionNode = FALSE
	EndGlobalSection
	GlobalSection(ExtensibilityGlobals) = postSolution
		SolutionGuid = {EE2DC633-1D6B-4C1D-9C2A-D253D97E34A5}
	EndGlobalSection
EndGlobal
